
Microsoft Visual Studio Solution File, Format Version 12.00
# Visual Studio 2013
VisualStudioVersion = 12.0.31101.0
MinimumVisualStudioVersion = 10.0.40219.1
Project("{FAE04EC0-301F-11D3-BF4B-00C04F79EFBC}") = "LuceneNetCzechSupport", "LuceneNetCzechSupport\LuceneNetCzechSupport.csproj", "{AFBDFAB1-B52A-4E21-802E-CF693B387621}"
EndProject
Project("{FAE04EC0-301F-11D3-BF4B-00C04F79EFBC}") = "LuceneNetCzechSupport.Tests", "LuceneNetCzechSupport.Tests\LuceneNetCzechSupport.Tests.csproj", "{5A3AF9DE-7CAD-4B69-91FF-46AA868706EF}"
EndProject
Global
	GlobalSection(SolutionConfigurationPlatforms) = preSolution
		Debug|Any CPU = Debug|Any CPU
		Release|Any CPU = Release|Any CPU
	EndGlobalSection
	GlobalSection(ProjectConfigurationPlatforms) = postSolution
		{AFBDFAB1-B52A-4E21-802E-CF693B387621}.Debug|Any CPU.ActiveCfg = Debug|Any CPU
		{AFBDFAB1-B52A-4E21-802E-CF693B387621}.Debug|Any CPU.Build.0 = Debug|Any CPU
		{AFBDFAB1-B52A-4E21-802E-CF693B387621}.Release|Any CPU.ActiveCfg = Release|Any CPU
		{AFBDFAB1-B52A-4E21-802E-CF693B387621}.Release|Any CPU.Build.0 = Release|Any CPU
		{5A3AF9DE-7CAD-4B69-91FF-46AA868706EF}.Debug|Any CPU.ActiveCfg = Debug|Any CPU
		{5A3AF9DE-7CAD-4B69-91FF-46AA868706EF}.Debug|Any CPU.Build.0 = Debug|Any CPU
		{5A3AF9DE-7CAD-4B69-91FF-46AA868706EF}.Release|Any CPU.ActiveCfg = Release|Any CPU
		{5A3AF9DE-7CAD-4B69-91FF-46AA868706EF}.Release|Any CPU.Build.0 = Release|Any CPU
	EndGlobalSection
	GlobalSection(SolutionProperties) = preSolution
		HideSolutionNode = FALSE
	EndGlobalSection
EndGlobal
